
Microsoft Visual Studio Solution File, Format Version 12.00
# Visual Studio Version 16
VisualStudioVersion = 16.0.30608.117
MinimumVisualStudioVersion = 10.0.40219.1
Project("{9A19103F-16F7-4668-BE54-9A1E7A4F7556}") = "Biggy.Core", "src\Biggy.Core\Biggy.Core.csproj", "{8BA68D16-225B-4F02-9077-7A0A90567710}"
EndProject
Project("{9A19103F-16F7-4668-BE54-9A1E7A4F7556}") = "Biggy.Data.Json", "src\Biggy.Data.Json\Biggy.Data.Json.csproj", "{F4B6524F-2567-4A3B-A1EB-02B420490896}"
EndProject
Project("{9A19103F-16F7-4668-BE54-9A1E7A4F7556}") = "Tests", "Tests\Tests.csproj", "{B389426D-7BBC-43EF-9724-E5B565066828}"
EndProject
Project("{9A19103F-16F7-4668-BE54-9A1E7A4F7556}") = "Biggy.Data.Postgres", "src\Biggy.Data.Postgres\Biggy.Data.Postgres.csproj", "{B8B2CF59-2EB9-4FAD-A982-D7EA952611E6}"
EndProject
Project("{9A19103F-16F7-4668-BE54-9A1E7A4F7556}") = "Biggy.Data.Sqlite", "src\Biggy.Data.Sqlite\Biggy.Data.Sqlite.csproj", "{26EBA9D0-7D09-4037-AF54-A0FF00FF8879}"
EndProject
Project("{9A19103F-16F7-4668-BE54-9A1E7A4F7556}") = "Demo", "Demo\Demo.csproj", "{7B8AAD3C-7B58-49B8-8309-913680153A0F}"
EndProject
Project("{FAE04EC0-301F-11D3-BF4B-00C04F79EFBC}") = "Biggy.Data.Azure", "src\Biggy.Data.Azure\Biggy.Data.Azure.csproj", "{B135F6D9-9E74-424C-AB97-AAAD719E7341}"
EndProject
Global
	GlobalSection(SolutionConfigurationPlatforms) = preSolution
		Debug|Any CPU = Debug|Any CPU
		Release|Any CPU = Release|Any CPU
	EndGlobalSection
	GlobalSection(ProjectConfigurationPlatforms) = postSolution
		{8BA68D16-225B-4F02-9077-7A0A90567710}.Debug|Any CPU.ActiveCfg = Debug|Any CPU
		{8BA68D16-225B-4F02-9077-7A0A90567710}.Debug|Any CPU.Build.0 = Debug|Any CPU
		{8BA68D16-225B-4F02-9077-7A0A90567710}.Release|Any CPU.ActiveCfg = Release|Any CPU
		{8BA68D16-225B-4F02-9077-7A0A90567710}.Release|Any CPU.Build.0 = Release|Any CPU
		{F4B6524F-2567-4A3B-A1EB-02B420490896}.Debug|Any CPU.ActiveCfg = Debug|Any CPU
		{F4B6524F-2567-4A3B-A1EB-02B420490896}.Debug|Any CPU.Build.0 = Debug|Any CPU
		{F4B6524F-2567-4A3B-A1EB-02B420490896}.Release|Any CPU.ActiveCfg = Release|Any CPU
		{F4B6524F-2567-4A3B-A1EB-02B420490896}.Release|Any CPU.Build.0 = Release|Any CPU
		{B389426D-7BBC-43EF-9724-E5B565066828}.Debug|Any CPU.ActiveCfg = Debug|Any CPU
		{B389426D-7BBC-43EF-9724-E5B565066828}.Debug|Any CPU.Build.0 = Debug|Any CPU
		{B389426D-7BBC-43EF-9724-E5B565066828}.Release|Any CPU.ActiveCfg = Release|Any CPU
		{B389426D-7BBC-43EF-9724-E5B565066828}.Release|Any CPU.Build.0 = Release|Any CPU
		{B8B2CF59-2EB9-4FAD-A982-D7EA952611E6}.Debug|Any CPU.ActiveCfg = Debug|Any CPU
		{B8B2CF59-2EB9-4FAD-A982-D7EA952611E6}.Debug|Any CPU.Build.0 = Debug|Any CPU
		{B8B2CF59-2EB9-4FAD-A982-D7EA952611E6}.Release|Any CPU.ActiveCfg = Release|Any CPU
		{B8B2CF59-2EB9-4FAD-A982-D7EA952611E6}.Release|Any CPU.Build.0 = Release|Any CPU
		{26EBA9D0-7D09-4037-AF54-A0FF00FF8879}.Debug|Any CPU.ActiveCfg = Debug|Any CPU
		{26EBA9D0-7D09-4037-AF54-A0FF00FF8879}.Debug|Any CPU.Build.0 = Debug|Any CPU
		{26EBA9D0-7D09-4037-AF54-A0FF00FF8879}.Release|Any CPU.ActiveCfg = Release|Any CPU
		{26EBA9D0-7D09-4037-AF54-A0FF00FF8879}.Release|Any CPU.Build.0 = Release|Any CPU
		{7B8AAD3C-7B58-49B8-8309-913680153A0F}.Debug|Any CPU.ActiveCfg = Debug|Any CPU
		{7B8AAD3C-7B58-49B8-8309-913680153A0F}.Debug|Any CPU.Build.0 = Debug|Any CPU
		{7B8AAD3C-7B58-49B8-8309-913680153A0F}.Release|Any CPU.ActiveCfg = Release|Any CPU
		{7B8AAD3C-7B58-49B8-8309-913680153A0F}.Release|Any CPU.Build.0 = Release|Any CPU
		{B135F6D9-9E74-424C-AB97-AAAD719E7341}.Debug|Any CPU.ActiveCfg = Debug|Any CPU
		{B135F6D9-9E74-424C-AB97-AAAD719E7341}.Debug|Any CPU.Build.0 = Debug|Any CPU
		{B135F6D9-9E74-424C-AB97-AAAD719E7341}.Release|Any CPU.ActiveCfg = Release|Any CPU
		{B135F6D9-9E74-424C-AB97-AAAD719E7341}.Release|Any CPU.Build.0 = Release|Any CPU
	EndGlobalSection
	GlobalSection(SolutionProperties) = preSolution
		HideSolutionNode = FALSE
	EndGlobalSection
	GlobalSection(ExtensibilityGlobals) = postSolution
		SolutionGuid = {78DA5E5B-AB1A-4ACE-A8BA-0721BAE16C21}
	EndGlobalSection
EndGlobal
